
Microsoft Visual Studio Solution File, Format Version 12.00
# Visual Studio Version 17
VisualStudioVersion = 17.9.34723.18
MinimumVisualStudioVersion = 10.0.40219.1
Project("{FAE04EC0-301F-11D3-BF4B-00C04F79EFBC}") = "PizzariaReges", "PizzariaReges\PizzariaReges.csproj", "{91FB4235-CAAA-43C4-95C0-C9F7C1CEBAB8}"
EndProject
Project("{9A19103F-16F7-4668-BE54-9A1E7A4F7556}") = "WebApiProducts", "..\WebApiProducts\WebApiProducts\WebApiProducts.csproj", "{390F0762-638E-4137-ACAA-04582E1A7D22}"
EndProject
Global
	GlobalSection(SolutionConfigurationPlatforms) = preSolution
		Debug|Any CPU = Debug|Any CPU
		Release|Any CPU = Release|Any CPU
	EndGlobalSection
	GlobalSection(ProjectConfigurationPlatforms) = postSolution
		{91FB4235-CAAA-43C4-95C0-C9F7C1CEBAB8}.Debug|Any CPU.ActiveCfg = Debug|Any CPU
		{91FB4235-CAAA-43C4-95C0-C9F7C1CEBAB8}.Debug|Any CPU.Build.0 = Debug|Any CPU
		{91FB4235-CAAA-43C4-95C0-C9F7C1CEBAB8}.Release|Any CPU.ActiveCfg = Release|Any CPU
		{91FB4235-CAAA-43C4-95C0-C9F7C1CEBAB8}.Release|Any CPU.Build.0 = Release|Any CPU
		{390F0762-638E-4137-ACAA-04582E1A7D22}.Debug|Any CPU.ActiveCfg = Debug|Any CPU
		{390F0762-638E-4137-ACAA-04582E1A7D22}.Debug|Any CPU.Build.0 = Debug|Any CPU
		{390F0762-638E-4137-ACAA-04582E1A7D22}.Release|Any CPU.ActiveCfg = Release|Any CPU
		{390F0762-638E-4137-ACAA-04582E1A7D22}.Release|Any CPU.Build.0 = Release|Any CPU
	EndGlobalSection
	GlobalSection(SolutionProperties) = preSolution
		HideSolutionNode = FALSE
	EndGlobalSection
	GlobalSection(ExtensibilityGlobals) = postSolution
		SolutionGuid = {0BF5933A-5045-47F5-9E23-2DD6B2B7B602}
	EndGlobalSection
EndGlobal
